
Microsoft Visual Studio Solution File, Format Version 12.00
# Visual Studio 14
VisualStudioVersion = 14.0.25420.1
MinimumVisualStudioVersion = 10.0.40219.1
Project("{FAE04EC0-301F-11D3-BF4B-00C04F79EFBC}") = "ExcelLoad", "ExcelLoad\ExcelLoad.csproj", "{7EBDD4EE-763C-48EF-96FA-3E1BAD0C22AB}"
EndProject
Global
	GlobalSection(SolutionConfigurationPlatforms) = preSolution
		Debug|Any CPU = Debug|Any CPU
		Release|Any CPU = Release|Any CPU
	EndGlobalSection
	GlobalSection(ProjectConfigurationPlatforms) = postSolution
		{7EBDD4EE-763C-48EF-96FA-3E1BAD0C22AB}.Debug|Any CPU.ActiveCfg = Debug|Any CPU
		{7EBDD4EE-763C-48EF-96FA-3E1BAD0C22AB}.Debug|Any CPU.Build.0 = Debug|Any CPU
		{7EBDD4EE-763C-48EF-96FA-3E1BAD0C22AB}.Release|Any CPU.ActiveCfg = Release|Any CPU
		{7EBDD4EE-763C-48EF-96FA-3E1BAD0C22AB}.Release|Any CPU.Build.0 = Release|Any CPU
	EndGlobalSection
	GlobalSection(SolutionProperties) = preSolution
		HideSolutionNode = FALSE
	EndGlobalSection
EndGlobal
